// !$*UTF8*$!
{
	archiveVersion = 1;
	classes = {
	};
	objectVersion = 46;
	objects = {

/* Begin PBXBuildFile section */
		443B6D7FABCA849AE9E12270 /* libPods.a in Frameworks */ = {isa = PBXBuildFile; fileRef = 0A00D5938B400F57B1D7D505 /* libPods.a */; };
		7803083E1B06DD4700ACC317 /* DFSearchResultPageParser.m in Sources */ = {isa = PBXBuildFile; fileRef = 7803083D1B06DD4700ACC317 /* DFSearchResultPageParser.m */; };
		780308411B06E01100ACC317 /* DFVideoPageRecommandedVideoParser.m in Sources */ = {isa = PBXBuildFile; fileRef = 780308401B06E01100ACC317 /* DFVideoPageRecommandedVideoParser.m */; };
		780308441B06E06C00ACC317 /* DFVideoPageHotestVideoParser.m in Sources */ = {isa = PBXBuildFile; fileRef = 780308431B06E06C00ACC317 /* DFVideoPageHotestVideoParser.m */; };
		7806545E1AFAE1E80073CF20 /* libPods-Ads.a in Frameworks */ = {isa = PBXBuildFile; fileRef = 7806545D1AFAE1E80073CF20 /* libPods-Ads.a */; };
		78069C0F1B0878E1000EF4F4 /* DFMainControllerTableViewCell.m in Sources */ = {isa = PBXBuildFile; fileRef = 78069C0E1B0878E1000EF4F4 /* DFMainControllerTableViewCell.m */; };
		78071DA41B0A291C00405DA9 /* DFHtmlParser.m in Sources */ = {isa = PBXBuildFile; fileRef = 78071DA31B0A291C00405DA9 /* DFHtmlParser.m */; };
		78071DA71B0A2A2C00405DA9 /* DFBaseTableViewCell.m in Sources */ = {isa = PBXBuildFile; fileRef = 78071DA61B0A2A2C00405DA9 /* DFBaseTableViewCell.m */; };
		780AADBB1AFF1F4300945638 /* DFParser.m in Sources */ = {isa = PBXBuildFile; fileRef = 780AADBA1AFF1F4300945638 /* DFParser.m */; };
		780DAC601ADD6FCC00EA3C6A /* libxml2.dylib in Frameworks */ = {isa = PBXBuildFile; fileRef = 780DAC5F1ADD6FCC00EA3C6A /* libxml2.dylib */; };
		780DAC621ADD704000EA3C6A /* MediaPlayer.framework in Frameworks */ = {isa = PBXBuildFile; fileRef = 780DAC611ADD704000EA3C6A /* MediaPlayer.framework */; };
		780DAC641ADD704600EA3C6A /* AVFoundation.framework in Frameworks */ = {isa = PBXBuildFile; fileRef = 780DAC631ADD704600EA3C6A /* AVFoundation.framework */; };
		780DAC661ADD705100EA3C6A /* AudioToolbox.framework in Frameworks */ = {isa = PBXBuildFile; fileRef = 780DAC651ADD705100EA3C6A /* AudioToolbox.framework */; };
		780DAC681ADD705700EA3C6A /* CoreGraphics.framework in Frameworks */ = {isa = PBXBuildFile; fileRef = 780DAC671ADD705700EA3C6A /* CoreGraphics.framework */; };
		780DAC6A1ADD705D00EA3C6A /* CoreVideo.framework in Frameworks */ = {isa = PBXBuildFile; fileRef = 780DAC691ADD705D00EA3C6A /* CoreVideo.framework */; };
		780DAC6C1ADD706D00EA3C6A /* OpenGLES.framework in Frameworks */ = {isa = PBXBuildFile; fileRef = 780DAC6B1ADD706D00EA3C6A /* OpenGLES.framework */; };
		780DAC6E1ADD707B00EA3C6A /* libbz2.dylib in Frameworks */ = {isa = PBXBuildFile; fileRef = 780DAC6D1ADD707B00EA3C6A /* libbz2.dylib */; };
		780DAC701ADD708600EA3C6A /* QuartzCore.framework in Frameworks */ = {isa = PBXBuildFile; fileRef = 780DAC6F1ADD708600EA3C6A /* QuartzCore.framework */; };
		780DAC721ADD709900EA3C6A /* libstdc++.dylib in Frameworks */ = {isa = PBXBuildFile; fileRef = 780DAC711ADD709900EA3C6A /* libstdc++.dylib */; };
		780DAC741ADD709F00EA3C6A /* libiconv.dylib in Frameworks */ = {isa = PBXBuildFile; fileRef = 780DAC731ADD709F00EA3C6A /* libiconv.dylib */; };
		780DAC761ADD70AF00EA3C6A /* CoreMedia.framework in Frameworks */ = {isa = PBXBuildFile; fileRef = 780DAC751ADD70AF00EA3C6A /* CoreMedia.framework */; };
		780DAC781ADD70BE00EA3C6A /* UIKit.framework in Frameworks */ = {isa = PBXBuildFile; fileRef = 780DAC771ADD70BE00EA3C6A /* UIKit.framework */; };
		780DAC7A1ADD70C400EA3C6A /* Foundation.framework in Frameworks */ = {isa = PBXBuildFile; fileRef = 780DAC791ADD70C400EA3C6A /* Foundation.framework */; };
		780DAC7C1ADD70CB00EA3C6A /* CoreFoundation.framework in Frameworks */ = {isa = PBXBuildFile; fileRef = 780DAC7B1ADD70CB00EA3C6A /* CoreFoundation.framework */; };
		780DAC7E1ADD70E900EA3C6A /* libz.dylib in Frameworks */ = {isa = PBXBuildFile; fileRef = 780DAC7D1ADD70E900EA3C6A /* libz.dylib */; };
		7813F6971AEFDC6F00168D84 /* DFAppDelegate.m in Sources */ = {isa = PBXBuildFile; fileRef = 78CE00701ADD61EE00B249A0 /* DFAppDelegate.m */; };
		782770921AE39D1C00E54DF8 /* DFVideoCell.m in Sources */ = {isa = PBXBuildFile; fileRef = 782770901AE39D1C00E54DF8 /* DFVideoCell.m */; };
		782770971AE3E45D00E54DF8 /* DFVideoTableViewCell.m in Sources */ = {isa = PBXBuildFile; fileRef = 782770951AE3E45D00E54DF8 /* DFVideoTableViewCell.m */; };
		782770981AE3E45D00E54DF8 /* DFVideoTableViewCell.xib in Resources */ = {isa = PBXBuildFile; fileRef = 782770961AE3E45D00E54DF8 /* DFVideoTableViewCell.xib */; };
		78B6079C1AFF87FC00EDBD07 /* DFApi.m in Sources */ = {isa = PBXBuildFile; fileRef = 78B607991AFF87FC00EDBD07 /* DFApi.m */; };
		78B6079D1AFF87FC00EDBD07 /* DFHttpClient.m in Sources */ = {isa = PBXBuildFile; fileRef = 78B6079B1AFF87FC00EDBD07 /* DFHttpClient.m */; };
		78B607A01AFF8A6000EDBD07 /* DFLatestPageParser.m in Sources */ = {isa = PBXBuildFile; fileRef = 78B6079F1AFF8A6000EDBD07 /* DFLatestPageParser.m */; };
		78B607A31AFFA9CF00EDBD07 /* DFCategoryPageParser.m in Sources */ = {isa = PBXBuildFile; fileRef = 78B607A21AFFA9CF00EDBD07 /* DFCategoryPageParser.m */; };
		78CE006E1ADD61EE00B249A0 /* main.m in Sources */ = {isa = PBXBuildFile; fileRef = 78CE006D1ADD61EE00B249A0 /* main.m */; };
		78CE00791ADD61EE00B249A0 /* Images.xcassets in Resources */ = {isa = PBXBuildFile; fileRef = 78CE00781ADD61EE00B249A0 /* Images.xcassets */; };
		78CE00881ADD61EE00B249A0 /* AdsTests.m in Sources */ = {isa = PBXBuildFile; fileRef = 78CE00871ADD61EE00B249A0 /* AdsTests.m */; };
		78D992891ADD6EBC008D9F10 /* DFVideo.m in Sources */ = {isa = PBXBuildFile; fileRef = 78D992881ADD6EBC008D9F10 /* DFVideo.m */; };
		78D992A21ADD6ECB008D9F10 /* DFMainViewController.m in Sources */ = {isa = PBXBuildFile; fileRef = 78D992951ADD6ECB008D9F10 /* DFMainViewController.m */; };
		78E692261AE408FF00CC6226 /* libffmpeg.a in Frameworks */ = {isa = PBXBuildFile; fileRef = 78E692211AE408FF00CC6226 /* libffmpeg.a */; };
		78E692271AE408FF00CC6226 /* libopenssl.a in Frameworks */ = {isa = PBXBuildFile; fileRef = 78E692221AE408FF00CC6226 /* libopenssl.a */; };
		78E692281AE408FF00CC6226 /* libVitamio.a in Frameworks */ = {isa = PBXBuildFile; fileRef = 78E692231AE408FF00CC6226 /* libVitamio.a */; };
		78E692291AE408FF00CC6226 /* LICENSE in Resources */ = {isa = PBXBuildFile; fileRef = 78E692241AE408FF00CC6226 /* LICENSE */; };
		78FCF8A51AFE0512004CD6F4 /* DFBaseViewController.m in Sources */ = {isa = PBXBuildFile; fileRef = 78FCF8A41AFE0512004CD6F4 /* DFBaseViewController.m */; };
		78FE0AC21ADF371200FF3329 /* DFVideoViewController.m in Sources */ = {isa = PBXBuildFile; fileRef = 78FE0AC11ADF371200FF3329 /* DFVideoViewController.m */; };
		C809D658C6909CFD56C8A266 /* libPods.a in Frameworks */ = {isa = PBXBuildFile; fileRef = 0A00D5938B400F57B1D7D505 /* libPods.a */; };
/* End PBXBuildFile section */

/* Begin PBXContainerItemProxy section */
		78CE00821ADD61EE00B249A0 /* PBXContainerItemProxy */ = {
			isa = PBXContainerItemProxy;
			containerPortal = 78CE00601ADD61EE00B249A0 /* Project object */;
			proxyType = 1;
			remoteGlobalIDString = 78CE00671ADD61EE00B249A0;
			remoteInfo = Ads;
		};
/* End PBXContainerItemProxy section */

/* Begin PBXFileReference section */
		0A00D5938B400F57B1D7D505 /* libPods.a */ = {isa = PBXFileReference; explicitFileType = archive.ar; includeInIndex = 0; path = libPods.a; sourceTree = BUILT_PRODUCTS_DIR; };
		183823320E01D52AECF56187 /* Pods-Ads.debug.xcconfig */ = {isa = PBXFileReference; includeInIndex = 1; lastKnownFileType = text.xcconfig; name = "Pods-Ads.debug.xcconfig"; path = "Pods/Target Support Files/Pods-Ads/Pods-Ads.debug.xcconfig"; sourceTree = "<group>"; };
		3B6B6FFF321D09EAC388B7DA /* Pods-Ads.release.xcconfig */ = {isa = PBXFileReference; includeInIndex = 1; lastKnownFileType = text.xcconfig; name = "Pods-Ads.release.xcconfig"; path = "Pods/Target Support Files/Pods-Ads/Pods-Ads.release.xcconfig"; sourceTree = "<group>"; };
		7803083C1B06DD4700ACC317 /* DFSearchResultPageParser.h */ = {isa = PBXFileReference; fileEncoding = 4; lastKnownFileType = sourcecode.c.h; path = DFSearchResultPageParser.h; sourceTree = "<group>"; };
		7803083D1B06DD4700ACC317 /* DFSearchResultPageParser.m */ = {isa = PBXFileReference; fileEncoding = 4; lastKnownFileType = sourcecode.c.objc; path = DFSearchResultPageParser.m; sourceTree = "<group>"; };
		7803083F1B06E01100ACC317 /* DFVideoPageRecommandedVideoParser.h */ = {isa = PBXFileReference; fileEncoding = 4; lastKnownFileType = sourcecode.c.h; path = DFVideoPageRecommandedVideoParser.h; sourceTree = "<group>"; };
		780308401B06E01100ACC317 /* DFVideoPageRecommandedVideoParser.m */ = {isa = PBXFileReference; fileEncoding = 4; lastKnownFileType = sourcecode.c.objc; path = DFVideoPageRecommandedVideoParser.m; sourceTree = "<group>"; };
		780308421B06E06C00ACC317 /* DFVideoPageHotestVideoParser.h */ = {isa = PBXFileReference; fileEncoding = 4; lastKnownFileType = sourcecode.c.h; path = DFVideoPageHotestVideoParser.h; sourceTree = "<group>"; };
		780308431B06E06C00ACC317 /* DFVideoPageHotestVideoParser.m */ = {isa = PBXFileReference; fileEncoding = 4; lastKnownFileType = sourcecode.c.objc; path = DFVideoPageHotestVideoParser.m; sourceTree = "<group>"; };
		7806545D1AFAE1E80073CF20 /* libPods-Ads.a */ = {isa = PBXFileReference; lastKnownFileType = archive.ar; name = "libPods-Ads.a"; path = "Pods/../build/Debug-iphoneos/libPods-Ads.a"; sourceTree = "<group>"; };
		78069C0D1B0878E1000EF4F4 /* DFMainControllerTableViewCell.h */ = {isa = PBXFileReference; fileEncoding = 4; lastKnownFileType = sourcecode.c.h; path = DFMainControllerTableViewCell.h; sourceTree = "<group>"; };
		78069C0E1B0878E1000EF4F4 /* DFMainControllerTableViewCell.m */ = {isa = PBXFileReference; fileEncoding = 4; lastKnownFileType = sourcecode.c.objc; path = DFMainControllerTableViewCell.m; sourceTree = "<group>"; };
		78071DA21B0A291C00405DA9 /* DFHtmlParser.h */ = {isa = PBXFileReference; fileEncoding = 4; lastKnownFileType = sourcecode.c.h; path = DFHtmlParser.h; sourceTree = "<group>"; };
		78071DA31B0A291C00405DA9 /* DFHtmlParser.m */ = {isa = PBXFileReference; fileEncoding = 4; lastKnownFileType = sourcecode.c.objc; path = DFHtmlParser.m; sourceTree = "<group>"; };
		78071DA51B0A2A2C00405DA9 /* DFBaseTableViewCell.h */ = {isa = PBXFileReference; fileEncoding = 4; lastKnownFileType = sourcecode.c.h; path = DFBaseTableViewCell.h; sourceTree = "<group>"; };
		78071DA61B0A2A2C00405DA9 /* DFBaseTableViewCell.m */ = {isa = PBXFileReference; fileEncoding = 4; lastKnownFileType = sourcecode.c.objc; path = DFBaseTableViewCell.m; sourceTree = "<group>"; };
		780AADB91AFF1F4300945638 /* DFParser.h */ = {isa = PBXFileReference; fileEncoding = 4; lastKnownFileType = sourcecode.c.h; path = DFParser.h; sourceTree = "<group>"; };
		780AADBA1AFF1F4300945638 /* DFParser.m */ = {isa = PBXFileReference; fileEncoding = 4; lastKnownFileType = sourcecode.c.objc; path = DFParser.m; sourceTree = "<group>"; };
		780DAC5F1ADD6FCC00EA3C6A /* libxml2.dylib */ = {isa = PBXFileReference; lastKnownFileType = "compiled.mach-o.dylib"; name = libxml2.dylib; path = usr/lib/libxml2.dylib; sourceTree = SDKROOT; };
		780DAC611ADD704000EA3C6A /* MediaPlayer.framework */ = {isa = PBXFileReference; lastKnownFileType = wrapper.framework; name = MediaPlayer.framework; path = System/Library/Frameworks/MediaPlayer.framework; sourceTree = SDKROOT; };
		780DAC631ADD704600EA3C6A /* AVFoundation.framework */ = {isa = PBXFileReference; lastKnownFileType = wrapper.framework; name = AVFoundation.framework; path = System/Library/Frameworks/AVFoundation.framework; sourceTree = SDKROOT; };
		780DAC651ADD705100EA3C6A /* AudioToolbox.framework */ = {isa = PBXFileReference; lastKnownFileType = wrapper.framework; name = AudioToolbox.framework; path = System/Library/Frameworks/AudioToolbox.framework; sourceTree = SDKROOT; };
		780DAC671ADD705700EA3C6A /* CoreGraphics.framework */ = {isa = PBXFileReference; lastKnownFileType = wrapper.framework; name = CoreGraphics.framework; path = System/Library/Frameworks/CoreGraphics.framework; sourceTree = SDKROOT; };
		780DAC691ADD705D00EA3C6A /* CoreVideo.framework */ = {isa = PBXFileReference; lastKnownFileType = wrapper.framework; name = CoreVideo.framework; path = System/Library/Frameworks/CoreVideo.framework; sourceTree = SDKROOT; };
		780DAC6B1ADD706D00EA3C6A /* OpenGLES.framework */ = {isa = PBXFileReference; lastKnownFileType = wrapper.framework; name = OpenGLES.framework; path = System/Library/Frameworks/OpenGLES.framework; sourceTree = SDKROOT; };
		780DAC6D1ADD707B00EA3C6A /* libbz2.dylib */ = {isa = PBXFileReference; lastKnownFileType = "compiled.mach-o.dylib"; name = libbz2.dylib; path = usr/lib/libbz2.dylib; sourceTree = SDKROOT; };
		780DAC6F1ADD708600EA3C6A /* QuartzCore.framework */ = {isa = PBXFileReference; lastKnownFileType = wrapper.framework; name = QuartzCore.framework; path = System/Library/Frameworks/QuartzCore.framework; sourceTree = SDKROOT; };
		780DAC711ADD709900EA3C6A /* libstdc++.dylib */ = {isa = PBXFileReference; lastKnownFileType = "compiled.mach-o.dylib"; name = "libstdc++.dylib"; path = "usr/lib/libstdc++.dylib"; sourceTree = SDKROOT; };
		780DAC731ADD709F00EA3C6A /* libiconv.dylib */ = {isa = PBXFileReference; lastKnownFileType = "compiled.mach-o.dylib"; name = libiconv.dylib; path = usr/lib/libiconv.dylib; sourceTree = SDKROOT; };
		780DAC751ADD70AF00EA3C6A /* CoreMedia.framework */ = {isa = PBXFileReference; lastKnownFileType = wrapper.framework; name = CoreMedia.framework; path = System/Library/Frameworks/CoreMedia.framework; sourceTree = SDKROOT; };
		780DAC771ADD70BE00EA3C6A /* UIKit.framework */ = {isa = PBXFileReference; lastKnownFileType = wrapper.framework; name = UIKit.framework; path = System/Library/Frameworks/UIKit.framework; sourceTree = SDKROOT; };
		780DAC791ADD70C400EA3C6A /* Foundation.framework */ = {isa = PBXFileReference; lastKnownFileType = wrapper.framework; name = Foundation.framework; path = System/Library/Frameworks/Foundation.framework; sourceTree = SDKROOT; };
		780DAC7B1ADD70CB00EA3C6A /* CoreFoundation.framework */ = {isa = PBXFileReference; lastKnownFileType = wrapper.framework; name = CoreFoundation.framework; path = System/Library/Frameworks/CoreFoundation.framework; sourceTree = SDKROOT; };
		780DAC7D1ADD70E900EA3C6A /* libz.dylib */ = {isa = PBXFileReference; lastKnownFileType = "compiled.mach-o.dylib"; name = libz.dylib; path = usr/lib/libz.dylib; sourceTree = SDKROOT; };
		7813F6951AEFDB6E00168D84 /* libPods-Ads.a */ = {isa = PBXFileReference; lastKnownFileType = archive.ar; name = "libPods-Ads.a"; path = "Pods/../build/Debug-iphoneos/libPods-Ads.a"; sourceTree = "<group>"; };
		7827708F1AE39D1C00E54DF8 /* DFVideoCell.h */ = {isa = PBXFileReference; fileEncoding = 4; lastKnownFileType = sourcecode.c.h; path = DFVideoCell.h; sourceTree = "<group>"; };
		782770901AE39D1C00E54DF8 /* DFVideoCell.m */ = {isa = PBXFileReference; fileEncoding = 4; lastKnownFileType = sourcecode.c.objc; path = DFVideoCell.m; sourceTree = "<group>"; };
		782770941AE3E45D00E54DF8 /* DFVideoTableViewCell.h */ = {isa = PBXFileReference; fileEncoding = 4; lastKnownFileType = sourcecode.c.h; path = DFVideoTableViewCell.h; sourceTree = "<group>"; };
		782770951AE3E45D00E54DF8 /* DFVideoTableViewCell.m */ = {isa = PBXFileReference; fileEncoding = 4; lastKnownFileType = sourcecode.c.objc; path = DFVideoTableViewCell.m; sourceTree = "<group>"; };
		782770961AE3E45D00E54DF8 /* DFVideoTableViewCell.xib */ = {isa = PBXFileReference; fileEncoding = 4; lastKnownFileType = file.xib; path = DFVideoTableViewCell.xib; sourceTree = "<group>"; };
		78B607981AFF87FC00EDBD07 /* DFApi.h */ = {isa = PBXFileReference; fileEncoding = 4; lastKnownFileType = sourcecode.c.h; name = DFApi.h; path = Api/DFApi.h; sourceTree = "<group>"; };
		78B607991AFF87FC00EDBD07 /* DFApi.m */ = {isa = PBXFileReference; fileEncoding = 4; lastKnownFileType = sourcecode.c.objc; name = DFApi.m; path = Api/DFApi.m; sourceTree = "<group>"; };
		78B6079A1AFF87FC00EDBD07 /* DFHttpClient.h */ = {isa = PBXFileReference; fileEncoding = 4; lastKnownFileType = sourcecode.c.h; name = DFHttpClient.h; path = Api/DFHttpClient.h; sourceTree = "<group>"; };
		78B6079B1AFF87FC00EDBD07 /* DFHttpClient.m */ = {isa = PBXFileReference; fileEncoding = 4; lastKnownFileType = sourcecode.c.objc; name = DFHttpClient.m; path = Api/DFHttpClient.m; sourceTree = "<group>"; };
		78B6079E1AFF8A6000EDBD07 /* DFLatestPageParser.h */ = {isa = PBXFileReference; fileEncoding = 4; lastKnownFileType = sourcecode.c.h; path = DFLatestPageParser.h; sourceTree = "<group>"; };
		78B6079F1AFF8A6000EDBD07 /* DFLatestPageParser.m */ = {isa = PBXFileReference; fileEncoding = 4; lastKnownFileType = sourcecode.c.objc; path = DFLatestPageParser.m; sourceTree = "<group>"; };
		78B607A11AFFA9CF00EDBD07 /* DFCategoryPageParser.h */ = {isa = PBXFileReference; fileEncoding = 4; lastKnownFileType = sourcecode.c.h; path = DFCategoryPageParser.h; sourceTree = "<group>"; };
		78B607A21AFFA9CF00EDBD07 /* DFCategoryPageParser.m */ = {isa = PBXFileReference; fileEncoding = 4; lastKnownFileType = sourcecode.c.objc; path = DFCategoryPageParser.m; sourceTree = "<group>"; };
		78CE00681ADD61EE00B249A0 /* Ads.app */ = {isa = PBXFileReference; explicitFileType = wrapper.application; includeInIndex = 0; path = Ads.app; sourceTree = BUILT_PRODUCTS_DIR; };
		78CE006C1ADD61EE00B249A0 /* Info.plist */ = {isa = PBXFileReference; lastKnownFileType = text.plist.xml; path = Info.plist; sourceTree = "<group>"; };
		78CE006D1ADD61EE00B249A0 /* main.m */ = {isa = PBXFileReference; lastKnownFileType = sourcecode.c.objc; path = main.m; sourceTree = "<group>"; };
		78CE006F1ADD61EE00B249A0 /* DFAppDelegate.h */ = {isa = PBXFileReference; lastKnownFileType = sourcecode.c.h; name = DFAppDelegate.h; path = Application/DFAppDelegate.h; sourceTree = "<group>"; };
		78CE00701ADD61EE00B249A0 /* DFAppDelegate.m */ = {isa = PBXFileReference; lastKnownFileType = sourcecode.c.objc; name = DFAppDelegate.m; path = Application/DFAppDelegate.m; sourceTree = "<group>"; };
		78CE00781ADD61EE00B249A0 /* Images.xcassets */ = {isa = PBXFileReference; lastKnownFileType = folder.assetcatalog; path = Images.xcassets; sourceTree = "<group>"; };
		78CE00811ADD61EE00B249A0 /* AdsTests.xctest */ = {isa = PBXFileReference; explicitFileType = wrapper.cfbundle; includeInIndex = 0; path = AdsTests.xctest; sourceTree = BUILT_PRODUCTS_DIR; };
		78CE00861ADD61EE00B249A0 /* Info.plist */ = {isa = PBXFileReference; lastKnownFileType = text.plist.xml; path = Info.plist; sourceTree = "<group>"; };
		78CE00871ADD61EE00B249A0 /* AdsTests.m */ = {isa = PBXFileReference; lastKnownFileType = sourcecode.c.objc; path = AdsTests.m; sourceTree = "<group>"; };
		78D992871ADD6EBC008D9F10 /* DFVideo.h */ = {isa = PBXFileReference; fileEncoding = 4; lastKnownFileType = sourcecode.c.h; name = DFVideo.h; path = Dao/Domain/DFVideo.h; sourceTree = "<group>"; };
		78D992881ADD6EBC008D9F10 /* DFVideo.m */ = {isa = PBXFileReference; fileEncoding = 4; lastKnownFileType = sourcecode.c.objc; name = DFVideo.m; path = Dao/Domain/DFVideo.m; sourceTree = "<group>"; };
		78D992941ADD6ECB008D9F10 /* DFMainViewController.h */ = {isa = PBXFileReference; fileEncoding = 4; lastKnownFileType = sourcecode.c.h; name = DFMainViewController.h; path = ViewControllers/DFMainViewController.h; sourceTree = "<group>"; };
		78D992951ADD6ECB008D9F10 /* DFMainViewController.m */ = {isa = PBXFileReference; fileEncoding = 4; lastKnownFileType = sourcecode.c.objc; name = DFMainViewController.m; path = ViewControllers/DFMainViewController.m; sourceTree = "<group>"; };
		78E692191AE408FF00CC6226 /* VDefines.h */ = {isa = PBXFileReference; fileEncoding = 4; lastKnownFileType = sourcecode.c.h; path = VDefines.h; sourceTree = "<group>"; };
		78E6921A1AE408FF00CC6226 /* Vitamio.h */ = {isa = PBXFileReference; fileEncoding = 4; lastKnownFileType = sourcecode.c.h; path = Vitamio.h; sourceTree = "<group>"; };
		78E6921B1AE408FF00CC6226 /* VMediaExtracter.h */ = {isa = PBXFileReference; fileEncoding = 4; lastKnownFileType = sourcecode.c.h; path = VMediaExtracter.h; sourceTree = "<group>"; };
		78E6921C1AE408FF00CC6226 /* VMediaExtracterDef.h */ = {isa = PBXFileReference; fileEncoding = 4; lastKnownFileType = sourcecode.c.h; path = VMediaExtracterDef.h; sourceTree = "<group>"; };
		78E6921D1AE408FF00CC6226 /* VMediaPlayer.h */ = {isa = PBXFileReference; fileEncoding = 4; lastKnownFileType = sourcecode.c.h; path = VMediaPlayer.h; sourceTree = "<group>"; };
		78E6921E1AE408FF00CC6226 /* VMediaPlayerDelegate.h */ = {isa = PBXFileReference; fileEncoding = 4; lastKnownFileType = sourcecode.c.h; path = VMediaPlayerDelegate.h; sourceTree = "<group>"; };
		78E6921F1AE408FF00CC6226 /* VPlayerManageDef.h */ = {isa = PBXFileReference; fileEncoding = 4; lastKnownFileType = sourcecode.c.h; path = VPlayerManageDef.h; sourceTree = "<group>"; };
		78E692201AE408FF00CC6226 /* VSingleton.h */ = {isa = PBXFileReference; fileEncoding = 4; lastKnownFileType = sourcecode.c.h; path = VSingleton.h; sourceTree = "<group>"; };
		78E692211AE408FF00CC6226 /* libffmpeg.a */ = {isa = PBXFileReference; lastKnownFileType = archive.ar; path = libffmpeg.a; sourceTree = "<group>"; };
		78E692221AE408FF00CC6226 /* libopenssl.a */ = {isa = PBXFileReference; lastKnownFileType = archive.ar; path = libopenssl.a; sourceTree = "<group>"; };
		78E692231AE408FF00CC6226 /* libVitamio.a */ = {isa = PBXFileReference; lastKnownFileType = archive.ar; path = libVitamio.a; sourceTree = "<group>"; };
		78E692241AE408FF00CC6226 /* LICENSE */ = {isa = PBXFileReference; fileEncoding = 4; lastKnownFileType = text; path = LICENSE; sourceTree = "<group>"; };
		78F767FC1AE0851F00D55ADB /* libPods-Ads.a */ = {isa = PBXFileReference; lastKnownFileType = archive.ar; name = "libPods-Ads.a"; path = "Pods/../build/Debug-iphoneos/libPods-Ads.a"; sourceTree = "<group>"; };
		78FCF8A31AFE0512004CD6F4 /* DFBaseViewController.h */ = {isa = PBXFileReference; fileEncoding = 4; lastKnownFileType = sourcecode.c.h; name = DFBaseViewController.h; path = ViewControllers/DFBaseViewController.h; sourceTree = "<group>"; };
		78FCF8A41AFE0512004CD6F4 /* DFBaseViewController.m */ = {isa = PBXFileReference; fileEncoding = 4; lastKnownFileType = sourcecode.c.objc; name = DFBaseViewController.m; path = ViewControllers/DFBaseViewController.m; sourceTree = "<group>"; };
		78FE0AC01ADF371200FF3329 /* DFVideoViewController.h */ = {isa = PBXFileReference; fileEncoding = 4; lastKnownFileType = sourcecode.c.h; name = DFVideoViewController.h; path = ViewControllers/DFVideoViewController.h; sourceTree = "<group>"; };
		78FE0AC11ADF371200FF3329 /* DFVideoViewController.m */ = {isa = PBXFileReference; fileEncoding = 4; lastKnownFileType = sourcecode.c.objc; name = DFVideoViewController.m; path = ViewControllers/DFVideoViewController.m; sourceTree = "<group>"; };
		78FEE1371AE352FD00972C9C /* DFConstants.h */ = {isa = PBXFileReference; fileEncoding = 4; lastKnownFileType = sourcecode.c.h; path = DFConstants.h; sourceTree = "<group>"; };
		EDA4BAF7923019D0B2584968 /* Pods.debug.xcconfig */ = {isa = PBXFileReference; includeInIndex = 1; lastKnownFileType = text.xcconfig; name = Pods.debug.xcconfig; path = "Pods/Target Support Files/Pods/Pods.debug.xcconfig"; sourceTree = "<group>"; };
		FFC2304ED53EED4804960B4A /* Pods.release.xcconfig */ = {isa = PBXFileReference; includeInIndex = 1; lastKnownFileType = text.xcconfig; name = Pods.release.xcconfig; path = "Pods/Target Support Files/Pods/Pods.release.xcconfig"; sourceTree = "<group>"; };
/* End PBXFileReference section */

/* Begin PBXFrameworksBuildPhase section */
		78CE00651ADD61EE00B249A0 /* Frameworks */ = {
			isa = PBXFrameworksBuildPhase;
			buildActionMask = 2147483647;
			files = (
				7806545E1AFAE1E80073CF20 /* libPods-Ads.a in Frameworks */,
				780DAC7E1ADD70E900EA3C6A /* libz.dylib in Frameworks */,
				780DAC7C1ADD70CB00EA3C6A /* CoreFoundation.framework in Frameworks */,
				78E692281AE408FF00CC6226 /* libVitamio.a in Frameworks */,
				780DAC7A1ADD70C400EA3C6A /* Foundation.framework in Frameworks */,
				780DAC781ADD70BE00EA3C6A /* UIKit.framework in Frameworks */,
				780DAC761ADD70AF00EA3C6A /* CoreMedia.framework in Frameworks */,
				780DAC741ADD709F00EA3C6A /* libiconv.dylib in Frameworks */,
				780DAC721ADD709900EA3C6A /* libstdc++.dylib in Frameworks */,
				780DAC701ADD708600EA3C6A /* QuartzCore.framework in Frameworks */,
				780DAC6E1ADD707B00EA3C6A /* libbz2.dylib in Frameworks */,
				780DAC6C1ADD706D00EA3C6A /* OpenGLES.framework in Frameworks */,
				78E692271AE408FF00CC6226 /* libopenssl.a in Frameworks */,
				780DAC6A1ADD705D00EA3C6A /* CoreVideo.framework in Frameworks */,
				780DAC681ADD705700EA3C6A /* CoreGraphics.framework in Frameworks */,
				780DAC661ADD705100EA3C6A /* AudioToolbox.framework in Frameworks */,
				780DAC641ADD704600EA3C6A /* AVFoundation.framework in Frameworks */,
				780DAC621ADD704000EA3C6A /* MediaPlayer.framework in Frameworks */,
				78E692261AE408FF00CC6226 /* libffmpeg.a in Frameworks */,
				780DAC601ADD6FCC00EA3C6A /* libxml2.dylib in Frameworks */,
				C809D658C6909CFD56C8A266 /* libPods.a in Frameworks */,
			);
			runOnlyForDeploymentPostprocessing = 0;
		};
		78CE007E1ADD61EE00B249A0 /* Frameworks */ = {
			isa = PBXFrameworksBuildPhase;
			buildActionMask = 2147483647;
			files = (
				443B6D7FABCA849AE9E12270 /* libPods.a in Frameworks */,
			);
			runOnlyForDeploymentPostprocessing = 0;
		};
/* End PBXFrameworksBuildPhase section */

/* Begin PBXGroup section */
		780AADB71AFF1E3E00945638 /* Model */ = {
			isa = PBXGroup;
			children = (
				78D992871ADD6EBC008D9F10 /* DFVideo.h */,
				78D992881ADD6EBC008D9F10 /* DFVideo.m */,
			);
			name = Model;
			sourceTree = "<group>";
		};
		780AADB81AFF1EFE00945638 /* Parser */ = {
			isa = PBXGroup;
			children = (
				780AADB91AFF1F4300945638 /* DFParser.h */,
				780AADBA1AFF1F4300945638 /* DFParser.m */,
				78071DA21B0A291C00405DA9 /* DFHtmlParser.h */,
				78071DA31B0A291C00405DA9 /* DFHtmlParser.m */,
				78B6079E1AFF8A6000EDBD07 /* DFLatestPageParser.h */,
				78B6079F1AFF8A6000EDBD07 /* DFLatestPageParser.m */,
				78B607A11AFFA9CF00EDBD07 /* DFCategoryPageParser.h */,
				78B607A21AFFA9CF00EDBD07 /* DFCategoryPageParser.m */,
				7803083C1B06DD4700ACC317 /* DFSearchResultPageParser.h */,
				7803083D1B06DD4700ACC317 /* DFSearchResultPageParser.m */,
				7803083F1B06E01100ACC317 /* DFVideoPageRecommandedVideoParser.h */,
				780308401B06E01100ACC317 /* DFVideoPageRecommandedVideoParser.m */,
				780308421B06E06C00ACC317 /* DFVideoPageHotestVideoParser.h */,
				780308431B06E06C00ACC317 /* DFVideoPageHotestVideoParser.m */,
			);
			name = Parser;
			path = Api/Parser;
			sourceTree = "<group>";
		};
		784B6FF01B07A9A2006A733E /* Base */ = {
			isa = PBXGroup;
			children = (
				78FCF8A31AFE0512004CD6F4 /* DFBaseViewController.h */,
				78FCF8A41AFE0512004CD6F4 /* DFBaseViewController.m */,
			);
			name = Base;
			sourceTree = "<group>";
		};
		78CE005F1ADD61EE00B249A0 = {
			isa = PBXGroup;
			children = (
				78CE006A1ADD61EE00B249A0 /* Ads */,
				78CE00841ADD61EE00B249A0 /* AdsTests */,
				78CE00691ADD61EE00B249A0 /* Products */,
				CAB729A3927BA3069C58C27D /* Pods */,
				7C8FEB33C277630B2E0AEBDC /* Frameworks */,
				78E692151AE408FF00CC6226 /* Vitamio */,
			);
			sourceTree = "<group>";
		};
		78CE00691ADD61EE00B249A0 /* Products */ = {
			isa = PBXGroup;
			children = (
				78CE00681ADD61EE00B249A0 /* Ads.app */,
				78CE00811ADD61EE00B249A0 /* AdsTests.xctest */,
			);
			name = Products;
			sourceTree = "<group>";
		};
		78CE006A1ADD61EE00B249A0 /* Ads */ = {
			isa = PBXGroup;
			children = (
				78FE0AC51ADF3C7400FF3329 /* Application */,
				78FE454B1AFC340200A8647F /* Api */,
				780AADB71AFF1E3E00945638 /* Model */,
				78FE0AC41ADF3C4800FF3329 /* Views */,
				78D992581ADD6E4B008D9F10 /* ViewControllers */,
				78D992591ADD6E57008D9F10 /* Utilities */,
				78CE00781ADD61EE00B249A0 /* Images.xcassets */,
				78CE006B1ADD61EE00B249A0 /* Supporting Files */,
			);
			path = Ads;
			sourceTree = "<group>";
		};
		78CE006B1ADD61EE00B249A0 /* Supporting Files */ = {
			isa = PBXGroup;
			children = (
				78CE006C1ADD61EE00B249A0 /* Info.plist */,
				78CE006D1ADD61EE00B249A0 /* main.m */,
			);
			name = "Supporting Files";
			sourceTree = "<group>";
		};
		78CE00841ADD61EE00B249A0 /* AdsTests */ = {
			isa = PBXGroup;
			children = (
				78CE00871ADD61EE00B249A0 /* AdsTests.m */,
				78CE00851ADD61EE00B249A0 /* Supporting Files */,
			);
			path = AdsTests;
			sourceTree = "<group>";
		};
		78CE00851ADD61EE00B249A0 /* Supporting Files */ = {
			isa = PBXGroup;
			children = (
				78CE00861ADD61EE00B249A0 /* Info.plist */,
			);
			name = "Supporting Files";
			sourceTree = "<group>";
		};
		78D992581ADD6E4B008D9F10 /* ViewControllers */ = {
			isa = PBXGroup;
			children = (
				784B6FF01B07A9A2006A733E /* Base */,
				78FE0AC01ADF371200FF3329 /* DFVideoViewController.h */,
				78FE0AC11ADF371200FF3329 /* DFVideoViewController.m */,
				78D992941ADD6ECB008D9F10 /* DFMainViewController.h */,
				78D992951ADD6ECB008D9F10 /* DFMainViewController.m */,
			);
			name = ViewControllers;
			sourceTree = "<group>";
		};
		78D992591ADD6E57008D9F10 /* Utilities */ = {
			isa = PBXGroup;
			children = (
				78FEE1371AE352FD00972C9C /* DFConstants.h */,
			);
			path = Utilities;
			sourceTree = "<group>";
		};
		78E692151AE408FF00CC6226 /* Vitamio */ = {
			isa = PBXGroup;
			children = (
				78E692171AE408FF00CC6226 /* include */,
				78E692211AE408FF00CC6226 /* libffmpeg.a */,
				78E692221AE408FF00CC6226 /* libopenssl.a */,
				78E692231AE408FF00CC6226 /* libVitamio.a */,
				78E692241AE408FF00CC6226 /* LICENSE */,
			);
			path = Vitamio;
			sourceTree = "<group>";
		};
		78E692171AE408FF00CC6226 /* include */ = {
			isa = PBXGroup;
			children = (
				78E692181AE408FF00CC6226 /* Vitamio */,
			);
			path = include;
			sourceTree = "<group>";
		};
		78E692181AE408FF00CC6226 /* Vitamio */ = {
			isa = PBXGroup;
			children = (
				78E692191AE408FF00CC6226 /* VDefines.h */,
				78E6921A1AE408FF00CC6226 /* Vitamio.h */,
				78E6921B1AE408FF00CC6226 /* VMediaExtracter.h */,
				78E6921C1AE408FF00CC6226 /* VMediaExtracterDef.h */,
				78E6921D1AE408FF00CC6226 /* VMediaPlayer.h */,
				78E6921E1AE408FF00CC6226 /* VMediaPlayerDelegate.h */,
				78E6921F1AE408FF00CC6226 /* VPlayerManageDef.h */,
				78E692201AE408FF00CC6226 /* VSingleton.h */,
			);
			path = Vitamio;
			sourceTree = "<group>";
		};
		78FE0AC41ADF3C4800FF3329 /* Views */ = {
			isa = PBXGroup;
			children = (
				7827708F1AE39D1C00E54DF8 /* DFVideoCell.h */,
				782770901AE39D1C00E54DF8 /* DFVideoCell.m */,
				782770941AE3E45D00E54DF8 /* DFVideoTableViewCell.h */,
				782770951AE3E45D00E54DF8 /* DFVideoTableViewCell.m */,
				782770961AE3E45D00E54DF8 /* DFVideoTableViewCell.xib */,
				78069C0D1B0878E1000EF4F4 /* DFMainControllerTableViewCell.h */,
				78069C0E1B0878E1000EF4F4 /* DFMainControllerTableViewCell.m */,
				78071DA51B0A2A2C00405DA9 /* DFBaseTableViewCell.h */,
				78071DA61B0A2A2C00405DA9 /* DFBaseTableViewCell.m */,
			);
			path = Views;
			sourceTree = "<group>";
		};
		78FE0AC51ADF3C7400FF3329 /* Application */ = {
			isa = PBXGroup;
			children = (
				78CE006F1ADD61EE00B249A0 /* DFAppDelegate.h */,
				78CE00701ADD61EE00B249A0 /* DFAppDelegate.m */,
			);
			name = Application;
			sourceTree = "<group>";
		};
		78FE454B1AFC340200A8647F /* Api */ = {
			isa = PBXGroup;
			children = (
				78B607981AFF87FC00EDBD07 /* DFApi.h */,
				78B607991AFF87FC00EDBD07 /* DFApi.m */,
				78B6079A1AFF87FC00EDBD07 /* DFHttpClient.h */,
				78B6079B1AFF87FC00EDBD07 /* DFHttpClient.m */,
				780AADB81AFF1EFE00945638 /* Parser */,
			);
			name = Api;
			sourceTree = "<group>";
		};
		7C8FEB33C277630B2E0AEBDC /* Frameworks */ = {
			isa = PBXGroup;
			children = (
				7806545D1AFAE1E80073CF20 /* libPods-Ads.a */,
				7813F6951AEFDB6E00168D84 /* libPods-Ads.a */,
				78F767FC1AE0851F00D55ADB /* libPods-Ads.a */,
				780DAC7D1ADD70E900EA3C6A /* libz.dylib */,
				780DAC7B1ADD70CB00EA3C6A /* CoreFoundation.framework */,
				780DAC791ADD70C400EA3C6A /* Foundation.framework */,
				780DAC771ADD70BE00EA3C6A /* UIKit.framework */,
				780DAC751ADD70AF00EA3C6A /* CoreMedia.framework */,
				780DAC731ADD709F00EA3C6A /* libiconv.dylib */,
				780DAC711ADD709900EA3C6A /* libstdc++.dylib */,
				780DAC6F1ADD708600EA3C6A /* QuartzCore.framework */,
				780DAC6D1ADD707B00EA3C6A /* libbz2.dylib */,
				780DAC6B1ADD706D00EA3C6A /* OpenGLES.framework */,
				780DAC691ADD705D00EA3C6A /* CoreVideo.framework */,
				780DAC671ADD705700EA3C6A /* CoreGraphics.framework */,
				780DAC651ADD705100EA3C6A /* AudioToolbox.framework */,
				780DAC631ADD704600EA3C6A /* AVFoundation.framework */,
				780DAC611ADD704000EA3C6A /* MediaPlayer.framework */,
				780DAC5F1ADD6FCC00EA3C6A /* libxml2.dylib */,
				0A00D5938B400F57B1D7D505 /* libPods.a */,
			);
			name = Frameworks;
			sourceTree = "<group>";
		};
		CAB729A3927BA3069C58C27D /* Pods */ = {
			isa = PBXGroup;
			children = (
				183823320E01D52AECF56187 /* Pods-Ads.debug.xcconfig */,
				3B6B6FFF321D09EAC388B7DA /* Pods-Ads.release.xcconfig */,
				EDA4BAF7923019D0B2584968 /* Pods.debug.xcconfig */,
				FFC2304ED53EED4804960B4A /* Pods.release.xcconfig */,
			);
			name = Pods;
			sourceTree = "<group>";
		};
/* End PBXGroup section */

/* Begin PBXNativeTarget section */
		78CE00671ADD61EE00B249A0 /* Ads */ = {
			isa = PBXNativeTarget;
			buildConfigurationList = 78CE008B1ADD61EE00B249A0 /* Build configuration list for PBXNativeTarget "Ads" */;
			buildPhases = (
				32BAC4F25F1B0EA7605AFF7B /* Check Pods Manifest.lock */,
				78CE00641ADD61EE00B249A0 /* Sources */,
				78CE00651ADD61EE00B249A0 /* Frameworks */,
				78CE00661ADD61EE00B249A0 /* Resources */,
				41B5B5879079713F0F562031 /* Copy Pods Resources */,
			);
			buildRules = (
			);
			dependencies = (
			);
			name = Ads;
			productName = Ads;
			productReference = 78CE00681ADD61EE00B249A0 /* Ads.app */;
			productType = "com.apple.product-type.application";
		};
		78CE00801ADD61EE00B249A0 /* AdsTests */ = {
			isa = PBXNativeTarget;
			buildConfigurationList = 78CE008E1ADD61EE00B249A0 /* Build configuration list for PBXNativeTarget "AdsTests" */;
			buildPhases = (
				33B168618384F7B9AE14ED5A /* Check Pods Manifest.lock */,
				78CE007D1ADD61EE00B249A0 /* Sources */,
				78CE007E1ADD61EE00B249A0 /* Frameworks */,
				78CE007F1ADD61EE00B249A0 /* Resources */,
				6CC80ABF638570F11CAC2166 /* Copy Pods Resources */,
			);
			buildRules = (
			);
			dependencies = (
				78CE00831ADD61EE00B249A0 /* PBXTargetDependency */,
			);
			name = AdsTests;
			productName = AdsTests;
			productReference = 78CE00811ADD61EE00B249A0 /* AdsTests.xctest */;
			productType = "com.apple.product-type.bundle.unit-test";
		};
/* End PBXNativeTarget section */

/* Begin PBXProject section */
		78CE00601ADD61EE00B249A0 /* Project object */ = {
			isa = PBXProject;
			attributes = {
				LastUpgradeCheck = 0630;
				ORGANIZATIONNAME = Bebeeru;
				TargetAttributes = {
					78CE00671ADD61EE00B249A0 = {
						CreatedOnToolsVersion = 6.3;
					};
					78CE00801ADD61EE00B249A0 = {
						CreatedOnToolsVersion = 6.3;
						TestTargetID = 78CE00671ADD61EE00B249A0;
					};
				};
			};
			buildConfigurationList = 78CE00631ADD61EE00B249A0 /* Build configuration list for PBXProject "Ads" */;
			compatibilityVersion = "Xcode 3.2";
			developmentRegion = English;
			hasScannedForEncodings = 0;
			knownRegions = (
				en,
				Base,
			);
			mainGroup = 78CE005F1ADD61EE00B249A0;
			productRefGroup = 78CE00691ADD61EE00B249A0 /* Products */;
			projectDirPath = "";
			projectRoot = "";
			targets = (
				78CE00671ADD61EE00B249A0 /* Ads */,
				78CE00801ADD61EE00B249A0 /* AdsTests */,
			);
		};
/* End PBXProject section */

/* Begin PBXResourcesBuildPhase section */
		78CE00661ADD61EE00B249A0 /* Resources */ = {
			isa = PBXResourcesBuildPhase;
			buildActionMask = 2147483647;
			files = (
				782770981AE3E45D00E54DF8 /* DFVideoTableViewCell.xib in Resources */,
				78E692291AE408FF00CC6226 /* LICENSE in Resources */,
				78CE00791ADD61EE00B249A0 /* Images.xcassets in Resources */,
			);
			runOnlyForDeploymentPostprocessing = 0;
		};
		78CE007F1ADD61EE00B249A0 /* Resources */ = {
			isa = PBXResourcesBuildPhase;
			buildActionMask = 2147483647;
			files = (
			);
			runOnlyForDeploymentPostprocessing = 0;
		};
/* End PBXResourcesBuildPhase section */

/* Begin PBXShellScriptBuildPhase section */
		32BAC4F25F1B0EA7605AFF7B /* Check Pods Manifest.lock */ = {
			isa = PBXShellScriptBuildPhase;
			buildActionMask = 2147483647;
			files = (
			);
			inputPaths = (
			);
			name = "Check Pods Manifest.lock";
			outputPaths = (
			);
			runOnlyForDeploymentPostprocessing = 0;
			shellPath = /bin/sh;
			shellScript = "diff \"${PODS_ROOT}/../Podfile.lock\" \"${PODS_ROOT}/Manifest.lock\" > /dev/null\nif [[ $? != 0 ]] ; then\n    cat << EOM\nerror: The sandbox is not in sync with the Podfile.lock. Run 'pod install' or update your CocoaPods installation.\nEOM\n    exit 1\nfi\n";
			showEnvVarsInLog = 0;
		};
		33B168618384F7B9AE14ED5A /* Check Pods Manifest.lock */ = {
			isa = PBXShellScriptBuildPhase;
			buildActionMask = 2147483647;
			files = (
			);
			inputPaths = (
			);
			name = "Check Pods Manifest.lock";
			outputPaths = (
			);
			runOnlyForDeploymentPostprocessing = 0;
			shellPath = /bin/sh;
			shellScript = "diff \"${PODS_ROOT}/../Podfile.lock\" \"${PODS_ROOT}/Manifest.lock\" > /dev/null\nif [[ $? != 0 ]] ; then\n    cat << EOM\nerror: The sandbox is not in sync with the Podfile.lock. Run 'pod install' or update your CocoaPods installation.\nEOM\n    exit 1\nfi\n";
			showEnvVarsInLog = 0;
		};
		41B5B5879079713F0F562031 /* Copy Pods Resources */ = {
			isa = PBXShellScriptBuildPhase;
			buildActionMask = 2147483647;
			files = (
			);
			inputPaths = (
			);
			name = "Copy Pods Resources";
			outputPaths = (
			);
			runOnlyForDeploymentPostprocessing = 0;
			shellPath = /bin/sh;
			shellScript = "\"${SRCROOT}/Pods/Target Support Files/Pods/Pods-resources.sh\"\n";
			showEnvVarsInLog = 0;
		};
		6CC80ABF638570F11CAC2166 /* Copy Pods Resources */ = {
			isa = PBXShellScriptBuildPhase;
			buildActionMask = 2147483647;
			files = (
			);
			inputPaths = (
			);
			name = "Copy Pods Resources";
			outputPaths = (
			);
			runOnlyForDeploymentPostprocessing = 0;
			shellPath = /bin/sh;
			shellScript = "\"${SRCROOT}/Pods/Target Support Files/Pods/Pods-resources.sh\"\n";
			showEnvVarsInLog = 0;
		};
/* End PBXShellScriptBuildPhase section */

/* Begin PBXSourcesBuildPhase section */
		78CE00641ADD61EE00B249A0 /* Sources */ = {
			isa = PBXSourcesBuildPhase;
			buildActionMask = 2147483647;
			files = (
				782770921AE39D1C00E54DF8 /* DFVideoCell.m in Sources */,
				78FE0AC21ADF371200FF3329 /* DFVideoViewController.m in Sources */,
				7813F6971AEFDC6F00168D84 /* DFAppDelegate.m in Sources */,
				78B6079D1AFF87FC00EDBD07 /* DFHttpClient.m in Sources */,
				78FCF8A51AFE0512004CD6F4 /* DFBaseViewController.m in Sources */,
				780AADBB1AFF1F4300945638 /* DFParser.m in Sources */,
				782770971AE3E45D00E54DF8 /* DFVideoTableViewCell.m in Sources */,
				78B6079C1AFF87FC00EDBD07 /* DFApi.m in Sources */,
				78B607A01AFF8A6000EDBD07 /* DFLatestPageParser.m in Sources */,
				780308441B06E06C00ACC317 /* DFVideoPageHotestVideoParser.m in Sources */,
				78D992891ADD6EBC008D9F10 /* DFVideo.m in Sources */,
				780308411B06E01100ACC317 /* DFVideoPageRecommandedVideoParser.m in Sources */,
				78071DA41B0A291C00405DA9 /* DFHtmlParser.m in Sources */,
				78069C0F1B0878E1000EF4F4 /* DFMainControllerTableViewCell.m in Sources */,
				78D992A21ADD6ECB008D9F10 /* DFMainViewController.m in Sources */,
				78071DA71B0A2A2C00405DA9 /* DFBaseTableViewCell.m in Sources */,
				78B607A31AFFA9CF00EDBD07 /* DFCategoryPageParser.m in Sources */,
				7803083E1B06DD4700ACC317 /* DFSearchResultPageParser.m in Sources */,
				78CE006E1ADD61EE00B249A0 /* main.m in Sources */,
			);
			runOnlyForDeploymentPostprocessing = 0;
		};
		78CE007D1ADD61EE00B249A0 /* Sources */ = {
			isa = PBXSourcesBuildPhase;
			buildActionMask = 2147483647;
			files = (
				78CE00881ADD61EE00B249A0 /* AdsTests.m in Sources */,
			);
			runOnlyForDeploymentPostprocessing = 0;
		};
/* End PBXSourcesBuildPhase section */

/* Begin PBXTargetDependency section */
		78CE00831ADD61EE00B249A0 /* PBXTargetDependency */ = {
			isa = PBXTargetDependency;
			target = 78CE00671ADD61EE00B249A0 /* Ads */;
			targetProxy = 78CE00821ADD61EE00B249A0 /* PBXContainerItemProxy */;
		};
/* End PBXTargetDependency section */

/* Begin XCBuildConfiguration section */
		78CE00891ADD61EE00B249A0 /* Debug */ = {
			isa = XCBuildConfiguration;
			buildSettings = {
				ALWAYS_SEARCH_USER_PATHS = NO;
				CLANG_CXX_LANGUAGE_STANDARD = "gnu++0x";
				CLANG_CXX_LIBRARY = "libc++";
				CLANG_ENABLE_MODULES = YES;
				CLANG_ENABLE_OBJC_ARC = YES;
				CLANG_WARN_BOOL_CONVERSION = YES;
				CLANG_WARN_CONSTANT_CONVERSION = YES;
				CLANG_WARN_DIRECT_OBJC_ISA_USAGE = YES_ERROR;
				CLANG_WARN_EMPTY_BODY = YES;
				CLANG_WARN_ENUM_CONVERSION = YES;
				CLANG_WARN_INT_CONVERSION = YES;
				CLANG_WARN_OBJC_ROOT_CLASS = YES_ERROR;
				CLANG_WARN_UNREACHABLE_CODE = YES;
				CLANG_WARN__DUPLICATE_METHOD_MATCH = YES;
				"CODE_SIGN_IDENTITY[sdk=iphoneos*]" = "iPhone Developer";
				COPY_PHASE_STRIP = NO;
				DEBUG_INFORMATION_FORMAT = "dwarf-with-dsym";
				ENABLE_STRICT_OBJC_MSGSEND = YES;
				GCC_C_LANGUAGE_STANDARD = gnu99;
				GCC_DYNAMIC_NO_PIC = NO;
				GCC_NO_COMMON_BLOCKS = YES;
				GCC_OPTIMIZATION_LEVEL = 0;
				GCC_PREPROCESSOR_DEFINITIONS = (
					"DEBUG=1",
					"$(inherited)",
				);
				GCC_SYMBOLS_PRIVATE_EXTERN = NO;
				GCC_WARN_64_TO_32_BIT_CONVERSION = YES;
				GCC_WARN_ABOUT_RETURN_TYPE = YES_ERROR;
				GCC_WARN_UNDECLARED_SELECTOR = YES;
				GCC_WARN_UNINITIALIZED_AUTOS = YES_AGGRESSIVE;
				GCC_WARN_UNUSED_FUNCTION = YES;
				GCC_WARN_UNUSED_VARIABLE = YES;
				IPHONEOS_DEPLOYMENT_TARGET = 8.3;
				MTL_ENABLE_DEBUG_INFO = YES;
				ONLY_ACTIVE_ARCH = YES;
				SDKROOT = iphoneos;
			};
			name = Debug;
		};
		78CE008A1ADD61EE00B249A0 /* Release */ = {
			isa = XCBuildConfiguration;
			buildSettings = {
				ALWAYS_SEARCH_USER_PATHS = NO;
				CLANG_CXX_LANGUAGE_STANDARD = "gnu++0x";
				CLANG_CXX_LIBRARY = "libc++";
				CLANG_ENABLE_MODULES = YES;
				CLANG_ENABLE_OBJC_ARC = YES;
				CLANG_WARN_BOOL_CONVERSION = YES;
				CLANG_WARN_CONSTANT_CONVERSION = YES;
				CLANG_WARN_DIRECT_OBJC_ISA_USAGE = YES_ERROR;
				CLANG_WARN_EMPTY_BODY = YES;
				CLANG_WARN_ENUM_CONVERSION = YES;
				CLANG_WARN_INT_CONVERSION = YES;
				CLANG_WARN_OBJC_ROOT_CLASS = YES_ERROR;
				CLANG_WARN_UNREACHABLE_CODE = YES;
				CLANG_WARN__DUPLICATE_METHOD_MATCH = YES;
				"CODE_SIGN_IDENTITY[sdk=iphoneos*]" = "iPhone Developer";
				COPY_PHASE_STRIP = NO;
				DEBUG_INFORMATION_FORMAT = "dwarf-with-dsym";
				ENABLE_NS_ASSERTIONS = NO;
				ENABLE_STRICT_OBJC_MSGSEND = YES;
				GCC_C_LANGUAGE_STANDARD = gnu99;
				GCC_NO_COMMON_BLOCKS = YES;
				GCC_WARN_64_TO_32_BIT_CONVERSION = YES;
				GCC_WARN_ABOUT_RETURN_TYPE = YES_ERROR;
				GCC_WARN_UNDECLARED_SELECTOR = YES;
				GCC_WARN_UNINITIALIZED_AUTOS = YES_AGGRESSIVE;
				GCC_WARN_UNUSED_FUNCTION = YES;
				GCC_WARN_UNUSED_VARIABLE = YES;
				IPHONEOS_DEPLOYMENT_TARGET = 8.3;
				MTL_ENABLE_DEBUG_INFO = NO;
				SDKROOT = iphoneos;
				VALIDATE_PRODUCT = YES;
			};
			name = Release;
		};
		78CE008C1ADD61EE00B249A0 /* Debug */ = {
			isa = XCBuildConfiguration;
			baseConfigurationReference = 183823320E01D52AECF56187 /* Pods-Ads.debug.xcconfig */;
			buildSettings = {
				ASSETCATALOG_COMPILER_APPICON_NAME = AppIcon;
				CODE_SIGN_IDENTITY = "iPhone Developer: Wei Feng Hou (SM55Y27R73)";
				HEADER_SEARCH_PATHS = (
					"$(inherited)",
					/usr/include/libxml2,
					"\"${PODS_ROOT}/Headers/Public\"",
					"\"${PODS_ROOT}/Headers/Public/AFNetworking\"",
					"\"${PODS_ROOT}/Headers/Public/SDWebImage\"",
					"\"${PODS_ROOT}/Headers/Public/FMDB\"",
					"\"${PODS_ROOT}/Headers/Public/Masonry\"",
					"\"${PODS_ROOT}/Headers/Public/MJRefresh\"",
				);
				INFOPLIST_FILE = Ads/Info.plist;
				IPHONEOS_DEPLOYMENT_TARGET = 7.0;
				LD_RUNPATH_SEARCH_PATHS = "$(inherited) @executable_path/Frameworks";
				LIBRARY_SEARCH_PATHS = (
					"$(inherited)",
					"$(PROJECT_DIR)/build/Debug-iphoneos",
					"$(PROJECT_DIR)/Vitamio",
				);
				PRODUCT_NAME = Ads;
				TARGETED_DEVICE_FAMILY = "1,2";
			};
			name = Debug;
		};
		78CE008D1ADD61EE00B249A0 /* Release */ = {
			isa = XCBuildConfiguration;
			baseConfigurationReference = 3B6B6FFF321D09EAC388B7DA /* Pods-Ads.release.xcconfig */;
			buildSettings = {
				ASSETCATALOG_COMPILER_APPICON_NAME = AppIcon;
				CODE_SIGN_IDENTITY = "iPhone Developer: Wei Feng Hou (SM55Y27R73)";
				HEADER_SEARCH_PATHS = (
					"$(inherited)",
					/usr/include/libxml2,
					"\"${PODS_ROOT}/Headers/Public\"",
					"\"${PODS_ROOT}/Headers/Public/AFNetworking\"",
					"\"${PODS_ROOT}/Headers/Public/SDWebImage\"",
					"\"${PODS_ROOT}/Headers/Public/FMDB\"",
					"\"${PODS_ROOT}/Headers/Public/Masonry\"",
					"\"${PODS_ROOT}/Headers/Public/MJRefresh\"",
				);
				INFOPLIST_FILE = Ads/Info.plist;
				IPHONEOS_DEPLOYMENT_TARGET = 7.0;
				LD_RUNPATH_SEARCH_PATHS = "$(inherited) @executable_path/Frameworks";
				LIBRARY_SEARCH_PATHS = (
					"$(inherited)",
					"$(PROJECT_DIR)/build/Debug-iphoneos",
					"$(PROJECT_DIR)/Vitamio",
				);
				PRODUCT_NAME = Ads;
				TARGETED_DEVICE_FAMILY = "1,2";
			};
			name = Release;
		};
		78CE008F1ADD61EE00B249A0 /* Debug */ = {
			isa = XCBuildConfiguration;
			baseConfigurationReference = EDA4BAF7923019D0B2584968 /* Pods.debug.xcconfig */;
			buildSettings = {
				BUNDLE_LOADER = "$(TEST_HOST)";
				FRAMEWORK_SEARCH_PATHS = (
					"$(SDKROOT)/Developer/Library/Frameworks",
					"$(inherited)",
				);
				GCC_PREPROCESSOR_DEFINITIONS = (
					"DEBUG=1",
					"$(inherited)",
				);
				HEADER_SEARCH_PATHS = (
					"$(inherited)",
					/Applications/Xcode.app/Contents/Developer/Toolchains/XcodeDefault.xctoolchain/usr/include,
					"\"${PODS_ROOT}/Headers/Public\"",
					"\"${PODS_ROOT}/Headers/Public/SDWebImage\"",
					"\"${PODS_ROOT}/Headers/Public/AFNetworking\"",
					/usr/include/libxml2,
				);
				INFOPLIST_FILE = AdsTests/Info.plist;
				LD_RUNPATH_SEARCH_PATHS = "$(inherited) @executable_path/Frameworks @loader_path/Frameworks";
				LIBRARY_SEARCH_PATHS = (
					"$(inherited)",
					"$(PROJECT_DIR)/build/Debug-iphoneos",
				);
				PRODUCT_NAME = AdsTests;
				TEST_HOST = "$(BUILT_PRODUCTS_DIR)/Ads.app/Ads";
			};
			name = Debug;
		};
		78CE00901ADD61EE00B249A0 /* Release */ = {
			isa = XCBuildConfiguration;
			baseConfigurationReference = FFC2304ED53EED4804960B4A /* Pods.release.xcconfig */;
			buildSettings = {
				BUNDLE_LOADER = "$(TEST_HOST)";
				FRAMEWORK_SEARCH_PATHS = (
					"$(SDKROOT)/Developer/Library/Frameworks",
					"$(inherited)",
				);
				HEADER_SEARCH_PATHS = (
					"$(inherited)",
					/Applications/Xcode.app/Contents/Developer/Toolchains/XcodeDefault.xctoolchain/usr/include,
					"\"${PODS_ROOT}/Headers/Public\"",
					"\"${PODS_ROOT}/Headers/Public/SDWebImage\"",
					"\"${PODS_ROOT}/Headers/Public/AFNetworking\"",
					/usr/include/libxml2,
				);
				INFOPLIST_FILE = AdsTests/Info.plist;
				LD_RUNPATH_SEARCH_PATHS = "$(inherited) @executable_path/Frameworks @loader_path/Frameworks";
				LIBRARY_SEARCH_PATHS = (
					"$(inherited)",
					"$(PROJECT_DIR)/build/Debug-iphoneos",
				);
				PRODUCT_NAME = AdsTests;
				TEST_HOST = "$(BUILT_PRODUCTS_DIR)/Ads.app/Ads";
			};
			name = Release;
		};
/* End XCBuildConfiguration section */

/* Begin XCConfigurationList section */
		78CE00631ADD61EE00B249A0 /* Build configuration list for PBXProject "Ads" */ = {
			isa = XCConfigurationList;
			buildConfigurations = (
				78CE00891ADD61EE00B249A0 /* Debug */,
				78CE008A1ADD61EE00B249A0 /* Release */,
			);
			defaultConfigurationIsVisible = 0;
			defaultConfigurationName = Release;
		};
		78CE008B1ADD61EE00B249A0 /* Build configuration list for PBXNativeTarget "Ads" */ = {
			isa = XCConfigurationList;
			buildConfigurations = (
				78CE008C1ADD61EE00B249A0 /* Debug */,
				78CE008D1ADD61EE00B249A0 /* Release */,
			);
			defaultConfigurationIsVisible = 0;
			defaultConfigurationName = Release;
		};
		78CE008E1ADD61EE00B249A0 /* Build configuration list for PBXNativeTarget "AdsTests" */ = {
			isa = XCConfigurationList;
			buildConfigurations = (
				78CE008F1ADD61EE00B249A0 /* Debug */,
				78CE00901ADD61EE00B249A0 /* Release */,
			);
			defaultConfigurationIsVisible = 0;
			defaultConfigurationName = Release;
		};
/* End XCConfigurationList section */
	};
	rootObject = 78CE00601ADD61EE00B249A0 /* Project object */;
}
